{
  "requires": true,
  "lockfileVersion": 1,
  "dependencies": {
    "@types/service_worker_api": {
      "version": "0.0.9",
      "resolved": "https://registry.npmjs.org/@types/service_worker_api/-/service_worker_api-0.0.9.tgz",
      "integrity": "sha1-cmn/L6DifiOjiiLokJU09jgj3ug=",
      "requires": {
        "@types/whatwg-fetch": "0.0.33"
      }
    },
    "@types/whatwg-fetch": {
      "version": "0.0.33",
      "resolved": "https://registry.npmjs.org/@types/whatwg-fetch/-/whatwg-fetch-0.0.33.tgz",
      "integrity": "sha1-GcDShjyMsjgPIaHHNrecv3iVuxM=",
      "requires": {
        "@types/whatwg-streams": "0.0.7"
      }
    },
    "@types/whatwg-streams": {
      "version": "0.0.7",
      "resolved": "https://registry.npmjs.org/@types/whatwg-streams/-/whatwg-streams-0.0.7.tgz",
      "integrity": "sha512-6sDiSEP6DWcY2ZolsJ2s39ZmsoGQ7KVwBDI3sESQsEm9P2dHTcqnDIHRZFRNtLCzWp7hCFGqYbw5GyfpQnJ01A=="
    },
    "workbox-sw": {
      "version": "3.4.1",
      "resolved": "https://registry.npmjs.org/workbox-sw/-/workbox-sw-3.4.1.tgz",
      "integrity": "sha512-nnm2by5oaQGXRH7x4M5/n2KqjUGVmP4P8azUmJITnYa3DWVYn/ghDg3LJ5+h4A28vYq9V6ePgATaEPfb6B5pug=="
    }
  }
}
